
Microsoft Visual Studio Solution File, Format Version 12.00
# Visual Studio 15
VisualStudioVersion = 15.0.26430.15
MinimumVisualStudioVersion = 10.0.40219.1
Project("{9A19103F-16F7-4668-BE54-9A1E7A4F7556}") = "Dapper.AmbientContext", "src\Dapper.AmbientContext\Dapper.AmbientContext.csproj", "{441F6D85-7A74-496D-97A2-38E1D09E76FF}"
EndProject
Project("{9A19103F-16F7-4668-BE54-9A1E7A4F7556}") = "Dapper.AmbientContext.Tests", "test\Dapper.AmbientContext.Tests\Dapper.AmbientContext.Tests.csproj", "{BEE6B4AF-0311-4D7C-8BC9-94FF76714092}"
EndProject
Global
	GlobalSection(SolutionConfigurationPlatforms) = preSolution
		Debug|Any CPU = Debug|Any CPU
		Release|Any CPU = Release|Any CPU
	EndGlobalSection
	GlobalSection(ProjectConfigurationPlatforms) = postSolution
		{441F6D85-7A74-496D-97A2-38E1D09E76FF}.Debug|Any CPU.ActiveCfg = Debug|Any CPU
		{441F6D85-7A74-496D-97A2-38E1D09E76FF}.Debug|Any CPU.Build.0 = Debug|Any CPU
		{441F6D85-7A74-496D-97A2-38E1D09E76FF}.Release|Any CPU.ActiveCfg = Release|Any CPU
		{441F6D85-7A74-496D-97A2-38E1D09E76FF}.Release|Any CPU.Build.0 = Release|Any CPU
		{BEE6B4AF-0311-4D7C-8BC9-94FF76714092}.Debug|Any CPU.ActiveCfg = Debug|Any CPU
		{BEE6B4AF-0311-4D7C-8BC9-94FF76714092}.Debug|Any CPU.Build.0 = Debug|Any CPU
		{BEE6B4AF-0311-4D7C-8BC9-94FF76714092}.Release|Any CPU.ActiveCfg = Release|Any CPU
		{BEE6B4AF-0311-4D7C-8BC9-94FF76714092}.Release|Any CPU.Build.0 = Release|Any CPU
	EndGlobalSection
	GlobalSection(SolutionProperties) = preSolution
		HideSolutionNode = FALSE
	EndGlobalSection
EndGlobal
